# Exact Windows x64 / CPython 3.12 artifacts. No cross-platform claim.
cffi==2.1.1 --hash=sha256:f53e442b08449d42821fa4a4fba000095af9f62742a500f978a9f557ec44339a
cryptography==50.0.1 --hash=sha256:aed8db4f6d71c51efb89530e12d9464e7bf2923d46c3205dc794a2a93f8c0648
numpy==2.5.3 --hash=sha256:0a59a421a32580a009e8a1751345bf829631b990dc1794b80514ab722b435def
platformdirs==4.12.1 --hash=sha256:7f251621befae78b2cb74616f9fc99d3fa3db0afba5035987731f8dcd430337d
pqcrypto==0.3.4 --hash=sha256:754d51a211d7681d963849fe41b8897ec0a25fcdcd6f6ce82d76ea8ba1861aaf
pycparser==3.0 --hash=sha256:b727414169a36b7d524c1c3e31839a521725078d7b2ff038656844266160a992
pyopencl==2026.1.4 --hash=sha256:f5755d91aa5ce2d57c78f174d19ee0f2cb3fdd086f5f17b7972363608cccc719
pytools==2026.1.1 --hash=sha256:1f6d9a39c871b6dc761893373792f10b67886c83e38f2aa09b66e11f8c021436
siphash24==1.9 --hash=sha256:15a094ab55a4f404f6a449b97105a5484a8e13a9ff2acdf7aa7694630cbc244d
typing_extensions==4.16.0 --hash=sha256:481caa481374e813c1b176ada14e97f1f67a4539ce9cfeb3f350d78d6370c2e8
