# Exact Windows x64 / CPython 3.12 artifacts. No cross-platform claim.
cffi==2.1.1 --hash=sha256:f53e442b08449d42821fa4a4fba000095af9f62742a500f978a9f557ec44339a
cryptography==50.0.1 --hash=sha256:aed8db4f6d71c51efb89530e12d9464e7bf2923d46c3205dc794a2a93f8c0648
pqcrypto==0.3.4 --hash=sha256:754d51a211d7681d963849fe41b8897ec0a25fcdcd6f6ce82d76ea8ba1861aaf
pycparser==3.0 --hash=sha256:b727414169a36b7d524c1c3e31839a521725078d7b2ff038656844266160a992
